
Microsoft Visual Studio Solution File, Format Version 12.00
# Visual Studio Version 17
VisualStudioVersion = 17.3.32804.467
MinimumVisualStudioVersion = 10.0.40219.1
Project("{FAE04EC0-301F-11D3-BF4B-00C04F79EFBC}") = "ST10090758_CLDV6212_POEpt3c", "ST10090758_CLDV6212_POEpt3c\ST10090758_CLDV6212_POEpt3c.csproj", "{6C2DEC86-D42B-4A3D-9336-69932CB9C7EE}"
EndProject
Global
	GlobalSection(SolutionConfigurationPlatforms) = preSolution
		Debug|Any CPU = Debug|Any CPU
		Release|Any CPU = Release|Any CPU
	EndGlobalSection
	GlobalSection(ProjectConfigurationPlatforms) = postSolution
		{6C2DEC86-D42B-4A3D-9336-69932CB9C7EE}.Debug|Any CPU.ActiveCfg = Debug|Any CPU
		{6C2DEC86-D42B-4A3D-9336-69932CB9C7EE}.Debug|Any CPU.Build.0 = Debug|Any CPU
		{6C2DEC86-D42B-4A3D-9336-69932CB9C7EE}.Release|Any CPU.ActiveCfg = Release|Any CPU
		{6C2DEC86-D42B-4A3D-9336-69932CB9C7EE}.Release|Any CPU.Build.0 = Release|Any CPU
	EndGlobalSection
	GlobalSection(SolutionProperties) = preSolution
		HideSolutionNode = FALSE
	EndGlobalSection
	GlobalSection(ExtensibilityGlobals) = postSolution
		SolutionGuid = {842AB4A9-5C10-4234-900B-228CA40D44A6}
	EndGlobalSection
EndGlobal
